lockfileVersion: '9.0'

settings:
  autoInstallPeers: true
  excludeLinksFromLockfile: false

importers:

  .:
    dependencies:
      consola:
        specifier: ^3.4.2
        version: 3.4.2
      giget:
        specifier: ^3.2.0
        version: 3.2.0
    devDependencies:
      '@types/node':
        specifier: ^25.6.0
        version: 25.6.2

packages:

  '@types/node@25.6.2':
    resolution: {integrity: sha512-sokuT28dxf9JT5Kady1fsXOvI4HVpjZa95NKT5y9PNTIrs2AsobR4GFAA90ZG8M+nxVRLysCXsVj6eGC7Vbrlw==}

  consola@3.4.2:
    resolution: {integrity: sha512-5IKcdX0nnYavi6G7TtOhwkYzyjfJlatbjMjuLSfE2kYT5pMDOilZ4OvMhi637CcDICTmz3wARPoyhqyX1Y+XvA==}
    engines: {node: ^14.18.0 || >=16.10.0}

  giget@3.2.0:
    resolution: {integrity: sha512-GvHTWcykIR/fP8cj8dMpuMMkvaeJfPvYnhq0oW+chSeIr+ldX21ifU2Ms6KBoyKZQZmVaUAAhQ2EZ68KJF8a7A==}
    hasBin: true

  undici-types@7.19.2:
    resolution: {integrity: sha512-qYVnV5OEm2AW8cJMCpdV20CDyaN3g0AjDlOGf1OW4iaDEx8MwdtChUp4zu4H0VP3nDRF/8RKWH+IPp9uW0YGZg==}

snapshots:

  '@types/node@25.6.2':
    dependencies:
      undici-types: 7.19.2

  consola@3.4.2: {}

  giget@3.2.0: {}

  undici-types@7.19.2: {}
